# Generated by pub
# See http://pub.dartlang.org/doc/glossary.html#lockfile
packages:
  annotation_crawler:
    description: annotation_crawler
    source: hosted
    version: "0.1.0"
  barback:
    description: barback
    source: hosted
    version: "0.12.0"
  browser:
    description: browser
    source: hosted
    version: "0.10.0+2"
  collection:
    description: collection
    source: hosted
    version: "0.9.2"
  crypto:
    description: crypto
    source: hosted
    version: "0.9.0"
  exitlive_protobuf_builder:
    description:
      ref: null
      resolved-ref: "3d27bb400ba59f8050641050e0d7beef5b51cc54"
      url: "git@github.com:exitlive/exitlive-protobuf-builder.git"
    source: git
    version: "0.1.1"
  fixnum:
    description: fixnum
    source: hosted
    version: "0.9.0"
  iris:
    description: iris
    source: hosted
    version: "0.2.4"
  logging:
    description: logging
    source: hosted
    version: "0.9.1+1"
  path:
    description: path
    source: hosted
    version: "1.1.0"
  protobuf:
    description: protobuf
    source: hosted
    version: "0.3.3"
  quiver:
    description: quiver
    source: hosted
    version: "0.18.2"
  route:
    description: route
    source: hosted
    version: "0.4.6"
  source_maps:
    description: source_maps
    source: hosted
    version: "0.9.0"
  stack_trace:
    description: stack_trace
    source: hosted
    version: "0.9.3+1"
